
Microsoft Visual Studio Solution File, Format Version 12.00
# Visual Studio Version 17
VisualStudioVersion = 17.7.34018.315
MinimumVisualStudioVersion = 10.0.40219.1
Project("{FAE04EC0-301F-11D3-BF4B-00C04F79EFBC}") = "Assignment1Casad", "Assignment1Casad.csproj", "{2D5BD7B5-B885-40DB-A0EB-1B06DF7E078E}"
EndProject
Global
	GlobalSection(SolutionConfigurationPlatforms) = preSolution
		Debug|Any CPU = Debug|Any CPU
		Release|Any CPU = Release|Any CPU
	EndGlobalSection
	GlobalSection(ProjectConfigurationPlatforms) = postSolution
		{2D5BD7B5-B885-40DB-A0EB-1B06DF7E078E}.Debug|Any CPU.ActiveCfg = Debug|Any CPU
		{2D5BD7B5-B885-40DB-A0EB-1B06DF7E078E}.Debug|Any CPU.Build.0 = Debug|Any CPU
		{2D5BD7B5-B885-40DB-A0EB-1B06DF7E078E}.Release|Any CPU.ActiveCfg = Release|Any CPU
		{2D5BD7B5-B885-40DB-A0EB-1B06DF7E078E}.Release|Any CPU.Build.0 = Release|Any CPU
	EndGlobalSection
	GlobalSection(SolutionProperties) = preSolution
		HideSolutionNode = FALSE
	EndGlobalSection
	GlobalSection(ExtensibilityGlobals) = postSolution
		SolutionGuid = {E66276A4-171D-40D0-AC60-C237EDCC8BFD}
	EndGlobalSection
EndGlobal
